
Microsoft Visual Studio Solution File, Format Version 12.00
# Visual Studio Version 17
VisualStudioVersion = 17.3.32811.315
MinimumVisualStudioVersion = 10.0.40219.1
Project("{9A19103F-16F7-4668-BE54-9A1E7A4F7556}") = "Labb 2 - API + Angular", "..\..\..\..\..\..\source\repos\Labb 2 - API + Angular\Labb 2 - API + Angular.csproj", "{7DF17A9C-F4DB-4BCE-B46B-34ADBA9BAC8F}"
EndProject
Global
	GlobalSection(SolutionConfigurationPlatforms) = preSolution
		Debug|Any CPU = Debug|Any CPU
		Release|Any CPU = Release|Any CPU
	EndGlobalSection
	GlobalSection(ProjectConfigurationPlatforms) = postSolution
		{7DF17A9C-F4DB-4BCE-B46B-34ADBA9BAC8F}.Debug|Any CPU.ActiveCfg = Debug|Any CPU
		{7DF17A9C-F4DB-4BCE-B46B-34ADBA9BAC8F}.Debug|Any CPU.Build.0 = Debug|Any CPU
		{7DF17A9C-F4DB-4BCE-B46B-34ADBA9BAC8F}.Release|Any CPU.ActiveCfg = Release|Any CPU
		{7DF17A9C-F4DB-4BCE-B46B-34ADBA9BAC8F}.Release|Any CPU.Build.0 = Release|Any CPU
	EndGlobalSection
	GlobalSection(SolutionProperties) = preSolution
		HideSolutionNode = FALSE
	EndGlobalSection
	GlobalSection(ExtensibilityGlobals) = postSolution
		SolutionGuid = {6970E4C5-BBCC-4064-874A-D6125563203C}
	EndGlobalSection
EndGlobal
